// !$*UTF8*$!
{
	archiveVersion = 1;
	classes = {
	};
	objectVersion = 56;
	objects = {

/* Begin PBXBuildFile section */
		06D74D89F7023D4D1B54AE45 /* Pods_FirebaseChatApp.framework in Frameworks */ = {isa = PBXBuildFile; fileRef = FA0021810F9E4C25967C3409 /* Pods_FirebaseChatApp.framework */; };
		5E9E6E132AC7EAC2001CC318 /* AppDelegate.swift in Sources */ = {isa = PBXBuildFile; fileRef = 5E9E6E122AC7EAC2001CC318 /* AppDelegate.swift */; };
		5E9E6E152AC7EAC2001CC318 /* SceneDelegate.swift in Sources */ = {isa = PBXBuildFile; fileRef = 5E9E6E142AC7EAC2001CC318 /* SceneDelegate.swift */; };
		5E9E6E172AC7EAC2001CC318 /* ConversationViewController.swift in Sources */ = {isa = PBXBuildFile; fileRef = 5E9E6E162AC7EAC2001CC318 /* ConversationViewController.swift */; };
		5E9E6E1C2AC7EAC3001CC318 /* Assets.xcassets in Resources */ = {isa = PBXBuildFile; fileRef = 5E9E6E1B2AC7EAC3001CC318 /* Assets.xcassets */; };
		5EA655232ACB0AF9002D22D8 /* DatabaseManager.swift in Sources */ = {isa = PBXBuildFile; fileRef = 5EA655222ACB0AF9002D22D8 /* DatabaseManager.swift */; };
		5EA655252ACB2C93002D22D8 /* ProfileViewController.swift in Sources */ = {isa = PBXBuildFile; fileRef = 5EA655242ACB2C93002D22D8 /* ProfileViewController.swift */; };
		5EA655272ACB2C9D002D22D8 /* ChatViewController.swift in Sources */ = {isa = PBXBuildFile; fileRef = 5EA655262ACB2C9D002D22D8 /* ChatViewController.swift */; };
		5EA965D02AC8F75F00646B37 /* GoogleService-Info.plist in Resources */ = {isa = PBXBuildFile; fileRef = 5EA965CF2AC8F75F00646B37 /* GoogleService-Info.plist */; };
		5EB1FE832AC9CBEB00CAC0A5 /* LoginViewController.swift in Sources */ = {isa = PBXBuildFile; fileRef = 5EB1FE822AC9CBEB00CAC0A5 /* LoginViewController.swift */; };
		5EB1FE852AC9CBFF00CAC0A5 /* RegisterViewController.swift in Sources */ = {isa = PBXBuildFile; fileRef = 5EB1FE842AC9CBFF00CAC0A5 /* RegisterViewController.swift */; };
/* End PBXBuildFile section */

/* Begin PBXFileReference section */
		5E9E6E0F2AC7EAC2001CC318 /* FirebaseChatApp.app */ = {isa = PBXFileReference; explicitFileType = wrapper.application; includeInIndex = 0; path = FirebaseChatApp.app; sourceTree = BUILT_PRODUCTS_DIR; };
		5E9E6E122AC7EAC2001CC318 /* AppDelegate.swift */ = {isa = PBXFileReference; lastKnownFileType = sourcecode.swift; path = AppDelegate.swift; sourceTree = "<group>"; };
		5E9E6E142AC7EAC2001CC318 /* SceneDelegate.swift */ = {isa = PBXFileReference; lastKnownFileType = sourcecode.swift; path = SceneDelegate.swift; sourceTree = "<group>"; };
		5E9E6E162AC7EAC2001CC318 /* ConversationViewController.swift */ = {isa = PBXFileReference; lastKnownFileType = sourcecode.swift; path = ConversationViewController.swift; sourceTree = "<group>"; };
		5E9E6E1B2AC7EAC3001CC318 /* Assets.xcassets */ = {isa = PBXFileReference; lastKnownFileType = folder.assetcatalog; path = Assets.xcassets; sourceTree = "<group>"; };
		5E9E6E202AC7EAC3001CC318 /* Info.plist */ = {isa = PBXFileReference; lastKnownFileType = text.plist.xml; path = Info.plist; sourceTree = "<group>"; };
		5EA655222ACB0AF9002D22D8 /* DatabaseManager.swift */ = {isa = PBXFileReference; lastKnownFileType = sourcecode.swift; path = DatabaseManager.swift; sourceTree = "<group>"; };
		5EA655242ACB2C93002D22D8 /* ProfileViewController.swift */ = {isa = PBXFileReference; lastKnownFileType = sourcecode.swift; path = ProfileViewController.swift; sourceTree = "<group>"; };
		5EA655262ACB2C9D002D22D8 /* ChatViewController.swift */ = {isa = PBXFileReference; lastKnownFileType = sourcecode.swift; path = ChatViewController.swift; sourceTree = "<group>"; };
		5EA965CF2AC8F75F00646B37 /* GoogleService-Info.plist */ = {isa = PBXFileReference; fileEncoding = 4; lastKnownFileType = text.plist.xml; path = "GoogleService-Info.plist"; sourceTree = "<group>"; };
		5EB1FE822AC9CBEB00CAC0A5 /* LoginViewController.swift */ = {isa = PBXFileReference; lastKnownFileType = sourcecode.swift; path = LoginViewController.swift; sourceTree = "<group>"; };
		5EB1FE842AC9CBFF00CAC0A5 /* RegisterViewController.swift */ = {isa = PBXFileReference; lastKnownFileType = sourcecode.swift; path = RegisterViewController.swift; sourceTree = "<group>"; };
		82055598E7EE0C1365C3E4D3 /* Pods-FirebaseChatApp.debug.xcconfig */ = {isa = PBXFileReference; includeInIndex = 1; lastKnownFileType = text.xcconfig; name = "Pods-FirebaseChatApp.debug.xcconfig"; path = "Target Support Files/Pods-FirebaseChatApp/Pods-FirebaseChatApp.debug.xcconfig"; sourceTree = "<group>"; };
		F31D8B0FB55818F3737C15B5 /* Pods-FirebaseChatApp.release.xcconfig */ = {isa = PBXFileReference; includeInIndex = 1; lastKnownFileType = text.xcconfig; name = "Pods-FirebaseChatApp.release.xcconfig"; path = "Target Support Files/Pods-FirebaseChatApp/Pods-FirebaseChatApp.release.xcconfig"; sourceTree = "<group>"; };
		FA0021810F9E4C25967C3409 /* Pods_FirebaseChatApp.framework */ = {isa = PBXFileReference; explicitFileType = wrapper.framework; includeInIndex = 0; path = Pods_FirebaseChatApp.framework; sourceTree = BUILT_PRODUCTS_DIR; };
/* End PBXFileReference section */

/* Begin PBXFrameworksBuildPhase section */
		5E9E6E0C2AC7EAC2001CC318 /* Frameworks */ = {
			isa = PBXFrameworksBuildPhase;
			buildActionMask = 2147483647;
			files = (
				06D74D89F7023D4D1B54AE45 /* Pods_FirebaseChatApp.framework in Frameworks */,
			);
			runOnlyForDeploymentPostprocessing = 0;
		};
/* End PBXFrameworksBuildPhase section */

/* Begin PBXGroup section */
		5E9E6E062AC7EAC2001CC318 = {
			isa = PBXGroup;
			children = (
				5E9E6E112AC7EAC2001CC318 /* FirebaseChatApp */,
				5E9E6E102AC7EAC2001CC318 /* Products */,
				D1AA8DEBB6A83D6C67D57704 /* Pods */,
				AEBCFA3613C1195CE64918FF /* Frameworks */,
			);
			sourceTree = "<group>";
		};
		5E9E6E102AC7EAC2001CC318 /* Products */ = {
			isa = PBXGroup;
			children = (
				5E9E6E0F2AC7EAC2001CC318 /* FirebaseChatApp.app */,
			);
			name = Products;
			sourceTree = "<group>";
		};
		5E9E6E112AC7EAC2001CC318 /* FirebaseChatApp */ = {
			isa = PBXGroup;
			children = (
				5EA965CF2AC8F75F00646B37 /* GoogleService-Info.plist */,
				5EB1FE812AC9CBA400CAC0A5 /* Views */,
				5EB1FE802AC9CB9B00CAC0A5 /* ViewModels */,
				5EB1FE7F2AC9CB9300CAC0A5 /* Models */,
				5EB1FE7E2AC9CB6000CAC0A5 /* Resources */,
				5EB1FE7D2AC9CB4600CAC0A5 /* ViewControllers */,
				5E9E6E202AC7EAC3001CC318 /* Info.plist */,
			);
			path = FirebaseChatApp;
			sourceTree = "<group>";
		};
		5EB1FE7D2AC9CB4600CAC0A5 /* ViewControllers */ = {
			isa = PBXGroup;
			children = (
				5E9E6E162AC7EAC2001CC318 /* ConversationViewController.swift */,
				5EB1FE822AC9CBEB00CAC0A5 /* LoginViewController.swift */,
				5EB1FE842AC9CBFF00CAC0A5 /* RegisterViewController.swift */,
				5EA655242ACB2C93002D22D8 /* ProfileViewController.swift */,
				5EA655262ACB2C9D002D22D8 /* ChatViewController.swift */,
			);
			path = ViewControllers;
			sourceTree = "<group>";
		};
		5EB1FE7E2AC9CB6000CAC0A5 /* Resources */ = {
			isa = PBXGroup;
			children = (
				5E9E6E142AC7EAC2001CC318 /* SceneDelegate.swift */,
				5E9E6E122AC7EAC2001CC318 /* AppDelegate.swift */,
				5EA655222ACB0AF9002D22D8 /* DatabaseManager.swift */,
			);
			path = Resources;
			sourceTree = "<group>";
		};
		5EB1FE7F2AC9CB9300CAC0A5 /* Models */ = {
			isa = PBXGroup;
			children = (
			);
			path = Models;
			sourceTree = "<group>";
		};
		5EB1FE802AC9CB9B00CAC0A5 /* ViewModels */ = {
			isa = PBXGroup;
			children = (
			);
			path = ViewModels;
			sourceTree = "<group>";
		};
		5EB1FE812AC9CBA400CAC0A5 /* Views */ = {
			isa = PBXGroup;
			children = (
				5E9E6E1B2AC7EAC3001CC318 /* Assets.xcassets */,
			);
			path = Views;
			sourceTree = "<group>";
		};
		AEBCFA3613C1195CE64918FF /* Frameworks */ = {
			isa = PBXGroup;
			children = (
				FA0021810F9E4C25967C3409 /* Pods_FirebaseChatApp.framework */,
			);
			name = Frameworks;
			sourceTree = "<group>";
		};
		D1AA8DEBB6A83D6C67D57704 /* Pods */ = {
			isa = PBXGroup;
			children = (
				82055598E7EE0C1365C3E4D3 /* Pods-FirebaseChatApp.debug.xcconfig */,
				F31D8B0FB55818F3737C15B5 /* Pods-FirebaseChatApp.release.xcconfig */,
			);
			path = Pods;
			sourceTree = "<group>";
		};
/* End PBXGroup section */

/* Begin PBXNativeTarget section */
		5E9E6E0E2AC7EAC2001CC318 /* FirebaseChatApp */ = {
			isa = PBXNativeTarget;
			buildConfigurationList = 5E9E6E232AC7EAC3001CC318 /* Build configuration list for PBXNativeTarget "FirebaseChatApp" */;
			buildPhases = (
				4A1A70534227D339778BA8FF /* [CP] Check Pods Manifest.lock */,
				5E9E6E0B2AC7EAC2001CC318 /* Sources */,
				5E9E6E0C2AC7EAC2001CC318 /* Frameworks */,
				5E9E6E0D2AC7EAC2001CC318 /* Resources */,
				77E1B6B192B493B179E17264 /* [CP] Embed Pods Frameworks */,
			);
			buildRules = (
			);
			dependencies = (
			);
			name = FirebaseChatApp;
			productName = FirebaseChatApp;
			productReference = 5E9E6E0F2AC7EAC2001CC318 /* FirebaseChatApp.app */;
			productType = "com.apple.product-type.application";
		};
/* End PBXNativeTarget section */

/* Begin PBXProject section */
		5E9E6E072AC7EAC2001CC318 /* Project object */ = {
			isa = PBXProject;
			attributes = {
				BuildIndependentTargetsInParallel = 1;
				LastSwiftUpdateCheck = 1430;
				LastUpgradeCheck = 1430;
				TargetAttributes = {
					5E9E6E0E2AC7EAC2001CC318 = {
						CreatedOnToolsVersion = 14.3.1;
					};
				};
			};
			buildConfigurationList = 5E9E6E0A2AC7EAC2001CC318 /* Build configuration list for PBXProject "FirebaseChatApp" */;
			compatibilityVersion = "Xcode 14.0";
			developmentRegion = en;
			hasScannedForEncodings = 0;
			knownRegions = (
				en,
				Base,
			);
			mainGroup = 5E9E6E062AC7EAC2001CC318;
			productRefGroup = 5E9E6E102AC7EAC2001CC318 /* Products */;
			projectDirPath = "";
			projectRoot = "";
			targets = (
				5E9E6E0E2AC7EAC2001CC318 /* FirebaseChatApp */,
			);
		};
/* End PBXProject section */

/* Begin PBXResourcesBuildPhase section */
		5E9E6E0D2AC7EAC2001CC318 /* Resources */ = {
			isa = PBXResourcesBuildPhase;
			buildActionMask = 2147483647;
			files = (
				5EA965D02AC8F75F00646B37 /* GoogleService-Info.plist in Resources */,
				5E9E6E1C2AC7EAC3001CC318 /* Assets.xcassets in Resources */,
			);
			runOnlyForDeploymentPostprocessing = 0;
		};
/* End PBXResourcesBuildPhase section */

/* Begin PBXShellScriptBuildPhase section */
		4A1A70534227D339778BA8FF /* [CP] Check Pods Manifest.lock */ = {
			isa = PBXShellScriptBuildPhase;
			buildActionMask = 2147483647;
			files = (
			);
			inputFileListPaths = (
			);
			inputPaths = (
				"${PODS_PODFILE_DIR_PATH}/Podfile.lock",
				"${PODS_ROOT}/Manifest.lock",
			);
			name = "[CP] Check Pods Manifest.lock";
			outputFileListPaths = (
			);
			outputPaths = (
				"$(DERIVED_FILE_DIR)/Pods-FirebaseChatApp-checkManifestLockResult.txt",
			);
			runOnlyForDeploymentPostprocessing = 0;
			shellPath = /bin/sh;
			shellScript = "diff \"${PODS_PODFILE_DIR_PATH}/Podfile.lock\" \"${PODS_ROOT}/Manifest.lock\" > /dev/null\nif [ $? != 0 ] ; then\n    # print error to STDERR\n    echo \"error: The sandbox is not in sync with the Podfile.lock. Run 'pod install' or update your CocoaPods installation.\" >&2\n    exit 1\nfi\n# This output is used by Xcode 'outputs' to avoid re-running this script phase.\necho \"SUCCESS\" > \"${SCRIPT_OUTPUT_FILE_0}\"\n";
			showEnvVarsInLog = 0;
		};
		77E1B6B192B493B179E17264 /* [CP] Embed Pods Frameworks */ = {
			isa = PBXShellScriptBuildPhase;
			buildActionMask = 2147483647;
			files = (
			);
			inputFileListPaths = (
				"${PODS_ROOT}/Target Support Files/Pods-FirebaseChatApp/Pods-FirebaseChatApp-frameworks-${CONFIGURATION}-input-files.xcfilelist",
			);
			name = "[CP] Embed Pods Frameworks";
			outputFileListPaths = (
				"${PODS_ROOT}/Target Support Files/Pods-FirebaseChatApp/Pods-FirebaseChatApp-frameworks-${CONFIGURATION}-output-files.xcfilelist",
			);
			runOnlyForDeploymentPostprocessing = 0;
			shellPath = /bin/sh;
			shellScript = "\"${PODS_ROOT}/Target Support Files/Pods-FirebaseChatApp/Pods-FirebaseChatApp-frameworks.sh\"\n";
			showEnvVarsInLog = 0;
		};
/* End PBXShellScriptBuildPhase section */

/* Begin PBXSourcesBuildPhase section */
		5E9E6E0B2AC7EAC2001CC318 /* Sources */ = {
			isa = PBXSourcesBuildPhase;
			buildActionMask = 2147483647;
			files = (
				5EB1FE832AC9CBEB00CAC0A5 /* LoginViewController.swift in Sources */,
				5EB1FE852AC9CBFF00CAC0A5 /* RegisterViewController.swift in Sources */,
				5EA655272ACB2C9D002D22D8 /* ChatViewController.swift in Sources */,
				5EA655232ACB0AF9002D22D8 /* DatabaseManager.swift in Sources */,
				5E9E6E172AC7EAC2001CC318 /* ConversationViewController.swift in Sources */,
				5EA655252ACB2C93002D22D8 /* ProfileViewController.swift in Sources */,
				5E9E6E132AC7EAC2001CC318 /* AppDelegate.swift in Sources */,
				5E9E6E152AC7EAC2001CC318 /* SceneDelegate.swift in Sources */,
			);
			runOnlyForDeploymentPostprocessing = 0;
		};
/* End PBXSourcesBuildPhase section */

/* Begin XCBuildConfiguration section */
		5E9E6E212AC7EAC3001CC318 /* Debug */ = {
			isa = XCBuildConfiguration;
			buildSettings = {
				ALWAYS_SEARCH_USER_PATHS = NO;
				CLANG_ANALYZER_NONNULL = YES;
				CLANG_ANALYZER_NUMBER_OBJECT_CONVERSION = YES_AGGRESSIVE;
				CLANG_CXX_LANGUAGE_STANDARD = "gnu++20";
				CLANG_ENABLE_MODULES = YES;
				CLANG_ENABLE_OBJC_ARC = YES;
				CLANG_ENABLE_OBJC_WEAK = YES;
				CLANG_WARN_BLOCK_CAPTURE_AUTORELEASING = YES;
				CLANG_WARN_BOOL_CONVERSION = YES;
				CLANG_WARN_COMMA = YES;
				CLANG_WARN_CONSTANT_CONVERSION = YES;
				CLANG_WARN_DEPRECATED_OBJC_IMPLEMENTATIONS = YES;
				CLANG_WARN_DIRECT_OBJC_ISA_USAGE = YES_ERROR;
				CLANG_WARN_DOCUMENTATION_COMMENTS = YES;
				CLANG_WARN_EMPTY_BODY = YES;
				CLANG_WARN_ENUM_CONVERSION = YES;
				CLANG_WARN_INFINITE_RECURSION = YES;
				CLANG_WARN_INT_CONVERSION = YES;
				CLANG_WARN_NON_LITERAL_NULL_CONVERSION = YES;
				CLANG_WARN_OBJC_IMPLICIT_RETAIN_SELF = YES;
				CLANG_WARN_OBJC_LITERAL_CONVERSION = YES;
				CLANG_WARN_OBJC_ROOT_CLASS = YES_ERROR;
				CLANG_WARN_QUOTED_INCLUDE_IN_FRAMEWORK_HEADER = YES;
				CLANG_WARN_RANGE_LOOP_ANALYSIS = YES;
				CLANG_WARN_STRICT_PROTOTYPES = YES;
				CLANG_WARN_SUSPICIOUS_MOVE = YES;
				CLANG_WARN_UNGUARDED_AVAILABILITY = YES_AGGRESSIVE;
				CLANG_WARN_UNREACHABLE_CODE = YES;
				CLANG_WARN__DUPLICATE_METHOD_MATCH = YES;
				COPY_PHASE_STRIP = NO;
				DEBUG_INFORMATION_FORMAT = dwarf;
				ENABLE_STRICT_OBJC_MSGSEND = YES;
				ENABLE_TESTABILITY = YES;
				GCC_C_LANGUAGE_STANDARD = gnu11;
				GCC_DYNAMIC_NO_PIC = NO;
				GCC_NO_COMMON_BLOCKS = YES;
				GCC_OPTIMIZATION_LEVEL = 0;
				GCC_PREPROCESSOR_DEFINITIONS = (
					"DEBUG=1",
					"$(inherited)",
				);
				GCC_WARN_64_TO_32_BIT_CONVERSION = YES;
				GCC_WARN_ABOUT_RETURN_TYPE = YES_ERROR;
				GCC_WARN_UNDECLARED_SELECTOR = YES;
				GCC_WARN_UNINITIALIZED_AUTOS = YES_AGGRESSIVE;
				GCC_WARN_UNUSED_FUNCTION = YES;
				GCC_WARN_UNUSED_VARIABLE = YES;
				IPHONEOS_DEPLOYMENT_TARGET = 16.4;
				MTL_ENABLE_DEBUG_INFO = INCLUDE_SOURCE;
				MTL_FAST_MATH = YES;
				ONLY_ACTIVE_ARCH = YES;
				SDKROOT = iphoneos;
				SWIFT_ACTIVE_COMPILATION_CONDITIONS = DEBUG;
				SWIFT_OPTIMIZATION_LEVEL = "-Onone";
			};
			name = Debug;
		};
		5E9E6E222AC7EAC3001CC318 /* Release */ = {
			isa = XCBuildConfiguration;
			buildSettings = {
				ALWAYS_SEARCH_USER_PATHS = NO;
				CLANG_ANALYZER_NONNULL = YES;
				CLANG_ANALYZER_NUMBER_OBJECT_CONVERSION = YES_AGGRESSIVE;
				CLANG_CXX_LANGUAGE_STANDARD = "gnu++20";
				CLANG_ENABLE_MODULES = YES;
				CLANG_ENABLE_OBJC_ARC = YES;
				CLANG_ENABLE_OBJC_WEAK = YES;
				CLANG_WARN_BLOCK_CAPTURE_AUTORELEASING = YES;
				CLANG_WARN_BOOL_CONVERSION = YES;
				CLANG_WARN_COMMA = YES;
				CLANG_WARN_CONSTANT_CONVERSION = YES;
				CLANG_WARN_DEPRECATED_OBJC_IMPLEMENTATIONS = YES;
				CLANG_WARN_DIRECT_OBJC_ISA_USAGE = YES_ERROR;
				CLANG_WARN_DOCUMENTATION_COMMENTS = YES;
				CLANG_WARN_EMPTY_BODY = YES;
				CLANG_WARN_ENUM_CONVERSION = YES;
				CLANG_WARN_INFINITE_RECURSION = YES;
				CLANG_WARN_INT_CONVERSION = YES;
				CLANG_WARN_NON_LITERAL_NULL_CONVERSION = YES;
				CLANG_WARN_OBJC_IMPLICIT_RETAIN_SELF = YES;
				CLANG_WARN_OBJC_LITERAL_CONVERSION = YES;
				CLANG_WARN_OBJC_ROOT_CLASS = YES_ERROR;
				CLANG_WARN_QUOTED_INCLUDE_IN_FRAMEWORK_HEADER = YES;
				CLANG_WARN_RANGE_LOOP_ANALYSIS = YES;
				CLANG_WARN_STRICT_PROTOTYPES = YES;
				CLANG_WARN_SUSPICIOUS_MOVE = YES;
				CLANG_WARN_UNGUARDED_AVAILABILITY = YES_AGGRESSIVE;
				CLANG_WARN_UNREACHABLE_CODE = YES;
				CLANG_WARN__DUPLICATE_METHOD_MATCH = YES;
				COPY_PHASE_STRIP = NO;
				DEBUG_INFORMATION_FORMAT = "dwarf-with-dsym";
				ENABLE_NS_ASSERTIONS = NO;
				ENABLE_STRICT_OBJC_MSGSEND = YES;
				GCC_C_LANGUAGE_STANDARD = gnu11;
				GCC_NO_COMMON_BLOCKS = YES;
				GCC_WARN_64_TO_32_BIT_CONVERSION = YES;
				GCC_WARN_ABOUT_RETURN_TYPE = YES_ERROR;
				GCC_WARN_UNDECLARED_SELECTOR = YES;
				GCC_WARN_UNINITIALIZED_AUTOS = YES_AGGRESSIVE;
				GCC_WARN_UNUSED_FUNCTION = YES;
				GCC_WARN_UNUSED_VARIABLE = YES;
				IPHONEOS_DEPLOYMENT_TARGET = 16.4;
				MTL_ENABLE_DEBUG_INFO = NO;
				MTL_FAST_MATH = YES;
				SDKROOT = iphoneos;
				SWIFT_COMPILATION_MODE = wholemodule;
				SWIFT_OPTIMIZATION_LEVEL = "-O";
				VALIDATE_PRODUCT = YES;
			};
			name = Release;
		};
		5E9E6E242AC7EAC3001CC318 /* Debug */ = {
			isa = XCBuildConfiguration;
			baseConfigurationReference = 82055598E7EE0C1365C3E4D3 /* Pods-FirebaseChatApp.debug.xcconfig */;
			buildSettings = {
				ASSETCATALOG_COMPILER_APPICON_NAME = AppIcon;
				ASSETCATALOG_COMPILER_GLOBAL_ACCENT_COLOR_NAME = AccentColor;
				CODE_SIGN_STYLE = Automatic;
				CURRENT_PROJECT_VERSION = 1;
				GENERATE_INFOPLIST_FILE = YES;
				INFOPLIST_FILE = FirebaseChatApp/Info.plist;
				INFOPLIST_KEY_UIApplicationSupportsIndirectInputEvents = YES;
				INFOPLIST_KEY_UILaunchStoryboardName = "";
				INFOPLIST_KEY_UIMainStoryboardFile = "";
				INFOPLIST_KEY_UISupportedInterfaceOrientations_iPad = "UIInterfaceOrientationPortrait UIInterfaceOrientationPortraitUpsideDown UIInterfaceOrientationLandscapeLeft UIInterfaceOrientationLandscapeRight";
				INFOPLIST_KEY_UISupportedInterfaceOrientations_iPhone = "UIInterfaceOrientationPortrait UIInterfaceOrientationLandscapeLeft UIInterfaceOrientationLandscapeRight";
				LD_RUNPATH_SEARCH_PATHS = (
					"$(inherited)",
					"@executable_path/Frameworks",
				);
				MARKETING_VERSION = 1.0;
				PRODUCT_BUNDLE_IDENTIFIER = me.raza.mohd.FirebaseChatApp;
				PRODUCT_NAME = "$(TARGET_NAME)";
				SWIFT_EMIT_LOC_STRINGS = YES;
				SWIFT_VERSION = 5.0;
				TARGETED_DEVICE_FAMILY = "1,2";
			};
			name = Debug;
		};
		5E9E6E252AC7EAC3001CC318 /* Release */ = {
			isa = XCBuildConfiguration;
			baseConfigurationReference = F31D8B0FB55818F3737C15B5 /* Pods-FirebaseChatApp.release.xcconfig */;
			buildSettings = {
				ASSETCATALOG_COMPILER_APPICON_NAME = AppIcon;
				ASSETCATALOG_COMPILER_GLOBAL_ACCENT_COLOR_NAME = AccentColor;
				CODE_SIGN_STYLE = Automatic;
				CURRENT_PROJECT_VERSION = 1;
				GENERATE_INFOPLIST_FILE = YES;
				INFOPLIST_FILE = FirebaseChatApp/Info.plist;
				INFOPLIST_KEY_UIApplicationSupportsIndirectInputEvents = YES;
				INFOPLIST_KEY_UILaunchStoryboardName = "";
				INFOPLIST_KEY_UIMainStoryboardFile = "";
				INFOPLIST_KEY_UISupportedInterfaceOrientations_iPad = "UIInterfaceOrientationPortrait UIInterfaceOrientationPortraitUpsideDown UIInterfaceOrientationLandscapeLeft UIInterfaceOrientationLandscapeRight";
				INFOPLIST_KEY_UISupportedInterfaceOrientations_iPhone = "UIInterfaceOrientationPortrait UIInterfaceOrientationLandscapeLeft UIInterfaceOrientationLandscapeRight";
				LD_RUNPATH_SEARCH_PATHS = (
					"$(inherited)",
					"@executable_path/Frameworks",
				);
				MARKETING_VERSION = 1.0;
				PRODUCT_BUNDLE_IDENTIFIER = me.raza.mohd.FirebaseChatApp;
				PRODUCT_NAME = "$(TARGET_NAME)";
				SWIFT_EMIT_LOC_STRINGS = YES;
				SWIFT_VERSION = 5.0;
				TARGETED_DEVICE_FAMILY = "1,2";
			};
			name = Release;
		};
/* End XCBuildConfiguration section */

/* Begin XCConfigurationList section */
		5E9E6E0A2AC7EAC2001CC318 /* Build configuration list for PBXProject "FirebaseChatApp" */ = {
			isa = XCConfigurationList;
			buildConfigurations = (
				5E9E6E212AC7EAC3001CC318 /* Debug */,
				5E9E6E222AC7EAC3001CC318 /* Release */,
			);
			defaultConfigurationIsVisible = 0;
			defaultConfigurationName = Release;
		};
		5E9E6E232AC7EAC3001CC318 /* Build configuration list for PBXNativeTarget "FirebaseChatApp" */ = {
			isa = XCConfigurationList;
			buildConfigurations = (
				5E9E6E242AC7EAC3001CC318 /* Debug */,
				5E9E6E252AC7EAC3001CC318 /* Release */,
			);
			defaultConfigurationIsVisible = 0;
			defaultConfigurationName = Release;
		};
/* End XCConfigurationList section */
	};
	rootObject = 5E9E6E072AC7EAC2001CC318 /* Project object */;
}
